
Microsoft Visual Studio Solution File, Format Version 12.00
# Visual Studio 15
VisualStudioVersion = 15.0.26730.12
MinimumVisualStudioVersion = 10.0.40219.1
Project("{9A19103F-16F7-4668-BE54-9A1E7A4F7556}") = "Web", "Web\Web.csproj", "{7128D85F-4A9F-4B98-9D2F-BCF676B61AED}"
EndProject
Project("{9A19103F-16F7-4668-BE54-9A1E7A4F7556}") = "Services", "Services\Services.csproj", "{43F3ED46-8A29-4AAC-A808-0974877ED575}"
EndProject
Project("{9A19103F-16F7-4668-BE54-9A1E7A4F7556}") = "Core", "Core\Core.csproj", "{63E1EDF5-3D4E-4B2D-8625-018A7ED50338}"
EndProject
Global
	GlobalSection(SolutionConfigurationPlatforms) = preSolution
		Debug|Any CPU = Debug|Any CPU
		Release|Any CPU = Release|Any CPU
	EndGlobalSection
	GlobalSection(ProjectConfigurationPlatforms) = postSolution
		{7128D85F-4A9F-4B98-9D2F-BCF676B61AED}.Debug|Any CPU.ActiveCfg = Debug|Any CPU
		{7128D85F-4A9F-4B98-9D2F-BCF676B61AED}.Debug|Any CPU.Build.0 = Debug|Any CPU
		{7128D85F-4A9F-4B98-9D2F-BCF676B61AED}.Release|Any CPU.ActiveCfg = Release|Any CPU
		{7128D85F-4A9F-4B98-9D2F-BCF676B61AED}.Release|Any CPU.Build.0 = Release|Any CPU
		{43F3ED46-8A29-4AAC-A808-0974877ED575}.Debug|Any CPU.ActiveCfg = Debug|Any CPU
		{43F3ED46-8A29-4AAC-A808-0974877ED575}.Debug|Any CPU.Build.0 = Debug|Any CPU
		{43F3ED46-8A29-4AAC-A808-0974877ED575}.Release|Any CPU.ActiveCfg = Release|Any CPU
		{43F3ED46-8A29-4AAC-A808-0974877ED575}.Release|Any CPU.Build.0 = Release|Any CPU
		{63E1EDF5-3D4E-4B2D-8625-018A7ED50338}.Debug|Any CPU.ActiveCfg = Debug|Any CPU
		{63E1EDF5-3D4E-4B2D-8625-018A7ED50338}.Debug|Any CPU.Build.0 = Debug|Any CPU
		{63E1EDF5-3D4E-4B2D-8625-018A7ED50338}.Release|Any CPU.ActiveCfg = Release|Any CPU
		{63E1EDF5-3D4E-4B2D-8625-018A7ED50338}.Release|Any CPU.Build.0 = Release|Any CPU
	EndGlobalSection
	GlobalSection(SolutionProperties) = preSolution
		HideSolutionNode = FALSE
	EndGlobalSection
	GlobalSection(ExtensibilityGlobals) = postSolution
		SolutionGuid = {755B1A8B-5E37-4B5E-BA03-38DF6C9E623B}
	EndGlobalSection
EndGlobal
